<?xml version="1.0" encoding="utf-8"?>
<Project ToolsVersion="4.0" xmlns="http://schemas.microsoft.com/developer/msbuild/2003">
  <ItemGroup>
    <Filter Include="Source Files">
      <UniqueIdentifier>{4FC737F1-C7A5-4376-A066-2A32D752A2FF}</UniqueIdentifier>
      <Extensions>cpp;c;cc;cxx;def;odl;idl;hpj;bat;asm;asmx</Extensions>
    </Filter>
    <Filter Include="Header Files">
      <UniqueIdentifier>{93995380-89BD-4b04-88EB-625FBE52EBFB}</UniqueIdentifier>
      <Extensions>h;hpp;hxx;hm;inl;inc;xsd</Extensions>
    </Filter>
    <Filter Include="Resource Files">
      <UniqueIdentifier>{67DA6AB6-F800-4c08-8B7A-83BB121AAD01}</UniqueIdentifier>
      <Extensions>rc;ico;cur;bmp;dlg;rc2;rct;bin;rgs;gif;jpg;jpeg;jpe;resx;tiff;tif;png;wav;mfcribbon-ms</Extensions>
    </Filter>
  </ItemGroup>
  <ItemGroup>
    <Text Include="ReadMe.txt" />
    <Text Include="TODO.txt" />
  </ItemGroup>
  <ItemGroup>
    <ClInclude Include="ColorReduction.h">
      <Filter>Header Files</Filter>
    </ClInclude>
    <ClInclude Include="Conversion.h">
      <Filter>Header Files</Filter>
    </ClInclude>
    <ClInclude Include="Image.h">
      <Filter>Header Files</Filter>
    </ClInclude>
    <ClInclude Include="Map.h">
      <Filter>Header Files</Filter>
    </ClInclude>
    <ClInclude Include="Palette.h">
      <Filter>Header Files</Filter>
    </ClInclude>
    <ClInclude Include="Pixel.h">
      <Filter>Header Files</Filter>
    </ClInclude>
    <ClInclude Include="PlatformAware.h">
      <Filter>Header Files</Filter>
    </ClInclude>
    <ClInclude Include="Tileset.h">
      <Filter>Header Files</Filter>
    </ClInclude>
    <ClInclude Include="xReduc.hpp">
      <Filter>Header Files</Filter>
    </ClInclude>
    <ClInclude Include="ConsoleGraphics.h">
      <Filter>Header Files</Filter>
    </ClInclude>
    <ClInclude Include="Ref.h">
      <Filter>Header Files</Filter>
    </ClInclude>
    <ClInclude Include="pugixml.hpp">
      <Filter>Header Files</Filter>
    </ClInclude>
    <ClInclude Include="pugiconfig.hpp">
      <Filter>Header Files</Filter>
    </ClInclude>
  </ItemGroup>
  <ItemGroup>
    <ClCompile Include="ColorReduction.cpp">
      <Filter>Source Files</Filter>
    </ClCompile>
    <ClCompile Include="ColorReductionMultipalette.cpp">
      <Filter>Source Files</Filter>
    </ClCompile>
    <ClCompile Include="Conversion.cpp">
      <Filter>Source Files</Filter>
    </ClCompile>
    <ClCompile Include="Image.cpp">
      <Filter>Source Files</Filter>
    </ClCompile>
    <ClCompile Include="Map.cpp">
      <Filter>Source Files</Filter>
    </ClCompile>
    <ClCompile Include="Palette.cpp">
      <Filter>Source Files</Filter>
    </ClCompile>
    <ClCompile Include="PlatformAware.cpp">
      <Filter>Source Files</Filter>
    </ClCompile>
    <ClCompile Include="Tileset.cpp">
      <Filter>Source Files</Filter>
    </ClCompile>
    <ClCompile Include="ConsoleGraphics.cpp">
      <Filter>Source Files</Filter>
    </ClCompile>
    <ClCompile Include="pugixml.cpp">
      <Filter>Source Files</Filter>
    </ClCompile>
    <ClCompile Include="Image-win.cpp">
      <Filter>Source Files</Filter>
    </ClCompile>
  </ItemGroup>
  <ItemGroup>
    <None Include="Distribute.bat">
      <Filter>Source Files</Filter>
    </None>
  </ItemGroup>
</Project>